// !$*UTF8*$!
{
	archiveVersion = 1;
	classes = {
	};
	objectVersion = 46;
	objects = {

/* Begin PBXBuildFile section */
		ED1B021C1EE3EB5200815980 /* main.m in Sources */ = {isa = PBXBuildFile; fileRef = ED1B021B1EE3EB5200815980 /* main.m */; };
		ED1B021F1EE3EB5200815980 /* AppDelegate.m in Sources */ = {isa = PBXBuildFile; fileRef = ED1B021E1EE3EB5200815980 /* AppDelegate.m */; };
		ED1B02221EE3EB5200815980 /* ViewController.m in Sources */ = {isa = PBXBuildFile; fileRef = ED1B02211EE3EB5200815980 /* ViewController.m */; };
		ED1B02251EE3EB5200815980 /* Main.storyboard in Resources */ = {isa = PBXBuildFile; fileRef = ED1B02231EE3EB5200815980 /* Main.storyboard */; };
		ED1B02271EE3EB5200815980 /* Assets.xcassets in Resources */ = {isa = PBXBuildFile; fileRef = ED1B02261EE3EB5200815980 /* Assets.xcassets */; };
		ED1B022A1EE3EB5200815980 /* LaunchScreen.storyboard in Resources */ = {isa = PBXBuildFile; fileRef = ED1B02281EE3EB5200815980 /* LaunchScreen.storyboard */; };
/* End PBXBuildFile section */

/* Begin PBXFileReference section */
		ED1B02171EE3EB5200815980 /* asdasd.app */ = {isa = PBXFileReference; explicitFileType = wrapper.application; includeInIndex = 0; path = asdasd.app; sourceTree = BUILT_PRODUCTS_DIR; };
		ED1B021B1EE3EB5200815980 /* main.m */ = {isa = PBXFileReference; lastKnownFileType = sourcecode.c.objc; path = main.m; sourceTree = "<group>"; };
		ED1B021D1EE3EB5200815980 /* AppDelegate.h */ = {isa = PBXFileReference; lastKnownFileType = sourcecode.c.h; path = AppDelegate.h; sourceTree = "<group>"; };
		ED1B021E1EE3EB5200815980 /* AppDelegate.m */ = {isa = PBXFileReference; lastKnownFileType = sourcecode.c.objc; path = AppDelegate.m; sourceTree = "<group>"; };
		ED1B02201EE3EB5200815980 /* ViewController.h */ = {isa = PBXFileReference; lastKnownFileType = sourcecode.c.h; path = ViewController.h; sourceTree = "<group>"; };
		ED1B02211EE3EB5200815980 /* ViewController.m */ = {isa = PBXFileReference; lastKnownFileType = sourcecode.c.objc; path = ViewController.m; sourceTree = "<group>"; };
		ED1B02241EE3EB5200815980 /* Base */ = {isa = PBXFileReference; lastKnownFileType = file.storyboard; name = Base; path = Base.lproj/Main.storyboard; sourceTree = "<group>"; };
		ED1B02261EE3EB5200815980 /* Assets.xcassets */ = {isa = PBXFileReference; lastKnownFileType = folder.assetcatalog; path = Assets.xcassets; sourceTree = "<group>"; };
		ED1B02291EE3EB5200815980 /* Base */ = {isa = PBXFileReference; lastKnownFileType = file.storyboard; name = Base; path = Base.lproj/LaunchScreen.storyboard; sourceTree = "<group>"; };
		ED1B022B1EE3EB5200815980 /* Info.plist */ = {isa = PBXFileReference; lastKnownFileType = text.plist.xml; path = Info.plist; sourceTree = "<group>"; };
/* End PBXFileReference section */

/* Begin PBXFrameworksBuildPhase section */
		ED1B02141EE3EB5200815980 /* Frameworks */ = {
			isa = PBXFrameworksBuildPhase;
			buildActionMask = 2147483647;
			files = (
			);
			runOnlyForDeploymentPostprocessing = 0;
		};
/* End PBXFrameworksBuildPhase section */

/* Begin PBXGroup section */
		ED1B020E1EE3EB5200815980 = {
			isa = PBXGroup;
			children = (
				ED1B02191EE3EB5200815980 /* asdasd */,
				ED1B02181EE3EB5200815980 /* Products */,
			);
			sourceTree = "<group>";
		};
		ED1B02181EE3EB5200815980 /* Products */ = {
			isa = PBXGroup;
			children = (
				ED1B02171EE3EB5200815980 /* asdasd.app */,
			);
			name = Products;
			sourceTree = "<group>";
		};
		ED1B02191EE3EB5200815980 /* asdasd */ = {
			isa = PBXGroup;
			children = (
				ED1B021D1EE3EB5200815980 /* AppDelegate.h */,
				ED1B021E1EE3EB5200815980 /* AppDelegate.m */,
				ED1B02201EE3EB5200815980 /* ViewController.h */,
				ED1B02211EE3EB5200815980 /* ViewController.m */,
				ED1B02231EE3EB5200815980 /* Main.storyboard */,
				ED1B02261EE3EB5200815980 /* Assets.xcassets */,
				ED1B02281EE3EB5200815980 /* LaunchScreen.storyboard */,
				ED1B022B1EE3EB5200815980 /* Info.plist */,
				ED1B021A1EE3EB5200815980 /* Supporting Files */,
			);
			path = asdasd;
			sourceTree = "<group>";
		};
		ED1B021A1EE3EB5200815980 /* Supporting Files */ = {
			isa = PBXGroup;
			children = (
				ED1B021B1EE3EB5200815980 /* main.m */,
			);
			name = "Supporting Files";
			sourceTree = "<group>";
		};
/* End PBXGroup section */

/* Begin PBXNativeTarget section */
		ED1B02161EE3EB5200815980 /* asdasd */ = {
			isa = PBXNativeTarget;
			buildConfigurationList = ED1B022E1EE3EB5200815980 /* Build configuration list for PBXNativeTarget "asdasd" */;
			buildPhases = (
				ED1B02131EE3EB5200815980 /* Sources */,
				ED1B02141EE3EB5200815980 /* Frameworks */,
				ED1B02151EE3EB5200815980 /* Resources */,
			);
			buildRules = (
			);
			dependencies = (
			);
			name = asdasd;
			productName = asdasd;
			productReference = ED1B02171EE3EB5200815980 /* asdasd.app */;
			productType = "com.apple.product-type.application";
		};
/* End PBXNativeTarget section */

/* Begin PBXProject section */
		ED1B020F1EE3EB5200815980 /* Project object */ = {
			isa = PBXProject;
			attributes = {
				LastUpgradeCheck = 0830;
				ORGANIZATIONNAME = app.leetcode.kz;
				TargetAttributes = {
					ED1B02161EE3EB5200815980 = {
						CreatedOnToolsVersion = 8.3.2;
						DevelopmentTeam = VW56VJK748;
						ProvisioningStyle = Automatic;
					};
				};
			};
			buildConfigurationList = ED1B02121EE3EB5200815980 /* Build configuration list for PBXProject "asdasd" */;
			compatibilityVersion = "Xcode 3.2";
			developmentRegion = English;
			hasScannedForEncodings = 0;
			knownRegions = (
				en,
				Base,
			);
			mainGroup = ED1B020E1EE3EB5200815980;
			productRefGroup = ED1B02181EE3EB5200815980 /* Products */;
			projectDirPath = "";
			projectRoot = "";
			targets = (
				ED1B02161EE3EB5200815980 /* asdasd */,
			);
		};
/* End PBXProject section */

/* Begin PBXResourcesBuildPhase section */
		ED1B02151EE3EB5200815980 /* Resources */ = {
			isa = PBXResourcesBuildPhase;
			buildActionMask = 2147483647;
			files = (
				ED1B022A1EE3EB5200815980 /* LaunchScreen.storyboard in Resources */,
				ED1B02271EE3EB5200815980 /* Assets.xcassets in Resources */,
				ED1B02251EE3EB5200815980 /* Main.storyboard in Resources */,
			);
			runOnlyForDeploymentPostprocessing = 0;
		};
/* End PBXResourcesBuildPhase section */

/* Begin PBXSourcesBuildPhase section */
		ED1B02131EE3EB5200815980 /* Sources */ = {
			isa = PBXSourcesBuildPhase;
			buildActionMask = 2147483647;
			files = (
				ED1B02221EE3EB5200815980 /* ViewController.m in Sources */,
				ED1B021F1EE3EB5200815980 /* AppDelegate.m in Sources */,
				ED1B021C1EE3EB5200815980 /* main.m in Sources */,
			);
			runOnlyForDeploymentPostprocessing = 0;
		};
/* End PBXSourcesBuildPhase section */

/* Begin PBXVariantGroup section */
		ED1B02231EE3EB5200815980 /* Main.storyboard */ = {
			isa = PBXVariantGroup;
			children = (
				ED1B02241EE3EB5200815980 /* Base */,
			);
			name = Main.storyboard;
			sourceTree = "<group>";
		};
		ED1B02281EE3EB5200815980 /* LaunchScreen.storyboard */ = {
			isa = PBXVariantGroup;
			children = (
				ED1B02291EE3EB5200815980 /* Base */,
			);
			name = LaunchScreen.storyboard;
			sourceTree = "<group>";
		};
/* End PBXVariantGroup section */

/* Begin XCBuildConfiguration section */
		ED1B022C1EE3EB5200815980 /* Debug */ = {
			isa = XCBuildConfiguration;
			buildSettings = {
				ALWAYS_SEARCH_USER_PATHS = NO;
				CLANG_ANALYZER_NONNULL = YES;
				CLANG_ANALYZER_NUMBER_OBJECT_CONVERSION = YES_AGGRESSIVE;
				CLANG_CXX_LANGUAGE_STANDARD = "gnu++0x";
				CLANG_CXX_LIBRARY = "libc++";
				CLANG_ENABLE_MODULES = YES;
				CLANG_ENABLE_OBJC_ARC = YES;
				CLANG_WARN_BOOL_CONVERSION = YES;
				CLANG_WARN_CONSTANT_CONVERSION = YES;
				CLANG_WARN_DIRECT_OBJC_ISA_USAGE = YES_ERROR;
				CLANG_WARN_DOCUMENTATION_COMMENTS = YES;
				CLANG_WARN_EMPTY_BODY = YES;
				CLANG_WARN_ENUM_CONVERSION = YES;
				CLANG_WARN_INFINITE_RECURSION = YES;
				CLANG_WARN_INT_CONVERSION = YES;
				CLANG_WARN_OBJC_ROOT_CLASS = YES_ERROR;
				CLANG_WARN_SUSPICIOUS_MOVE = YES;
				CLANG_WARN_UNREACHABLE_CODE = YES;
				CLANG_WARN__DUPLICATE_METHOD_MATCH = YES;
				"CODE_SIGN_IDENTITY[sdk=iphoneos*]" = "iPhone Developer";
				COPY_PHASE_STRIP = NO;
				DEBUG_INFORMATION_FORMAT = dwarf;
				ENABLE_STRICT_OBJC_MSGSEND = YES;
				ENABLE_TESTABILITY = YES;
				GCC_C_LANGUAGE_STANDARD = gnu99;
				GCC_DYNAMIC_NO_PIC = NO;
				GCC_NO_COMMON_BLOCKS = YES;
				GCC_OPTIMIZATION_LEVEL = 0;
				GCC_PREPROCESSOR_DEFINITIONS = (
					"DEBUG=1",
					"$(inherited)",
				);
				GCC_WARN_64_TO_32_BIT_CONVERSION = YES;
				GCC_WARN_ABOUT_RETURN_TYPE = YES_ERROR;
				GCC_WARN_UNDECLARED_SELECTOR = YES;
				GCC_WARN_UNINITIALIZED_AUTOS = YES_AGGRESSIVE;
				GCC_WARN_UNUSED_FUNCTION = YES;
				GCC_WARN_UNUSED_VARIABLE = YES;
				IPHONEOS_DEPLOYMENT_TARGET = 10.3;
				MTL_ENABLE_DEBUG_INFO = YES;
				ONLY_ACTIVE_ARCH = YES;
				SDKROOT = iphoneos;
			};
			name = Debug;
		};
		ED1B022D1EE3EB5200815980 /* Release */ = {
			isa = XCBuildConfiguration;
			buildSettings = {
				ALWAYS_SEARCH_USER_PATHS = NO;
				CLANG_ANALYZER_NONNULL = YES;
				CLANG_ANALYZER_NUMBER_OBJECT_CONVERSION = YES_AGGRESSIVE;
				CLANG_CXX_LANGUAGE_STANDARD = "gnu++0x";
				CLANG_CXX_LIBRARY = "libc++";
				CLANG_ENABLE_MODULES = YES;
				CLANG_ENABLE_OBJC_ARC = YES;
				CLANG_WARN_BOOL_CONVERSION = YES;
				CLANG_WARN_CONSTANT_CONVERSION = YES;
				CLANG_WARN_DIRECT_OBJC_ISA_USAGE = YES_ERROR;
				CLANG_WARN_DOCUMENTATION_COMMENTS = YES;
				CLANG_WARN_EMPTY_BODY = YES;
				CLANG_WARN_ENUM_CONVERSION = YES;
				CLANG_WARN_INFINITE_RECURSION = YES;
				CLANG_WARN_INT_CONVERSION = YES;
				CLANG_WARN_OBJC_ROOT_CLASS = YES_ERROR;
				CLANG_WARN_SUSPICIOUS_MOVE = YES;
				CLANG_WARN_UNREACHABLE_CODE = YES;
				CLANG_WARN__DUPLICATE_METHOD_MATCH = YES;
				"CODE_SIGN_IDENTITY[sdk=iphoneos*]" = "iPhone Developer";
				COPY_PHASE_STRIP = NO;
				DEBUG_INFORMATION_FORMAT = "dwarf-with-dsym";
				ENABLE_NS_ASSERTIONS = NO;
				ENABLE_STRICT_OBJC_MSGSEND = YES;
				GCC_C_LANGUAGE_STANDARD = gnu99;
				GCC_NO_COMMON_BLOCKS = YES;
				GCC_WARN_64_TO_32_BIT_CONVERSION = YES;
				GCC_WARN_ABOUT_RETURN_TYPE = YES_ERROR;
				GCC_WARN_UNDECLARED_SELECTOR = YES;
				GCC_WARN_UNINITIALIZED_AUTOS = YES_AGGRESSIVE;
				GCC_WARN_UNUSED_FUNCTION = YES;
				GCC_WARN_UNUSED_VARIABLE = YES;
				IPHONEOS_DEPLOYMENT_TARGET = 10.3;
				MTL_ENABLE_DEBUG_INFO = NO;
				SDKROOT = iphoneos;
				VALIDATE_PRODUCT = YES;
			};
			name = Release;
		};
		ED1B022F1EE3EB5200815980 /* Debug */ = {
			isa = XCBuildConfiguration;
			buildSettings = {
				ASSETCATALOG_COMPILER_APPICON_NAME = AppIcon;
				DEVELOPMENT_TEAM = VW56VJK748;
				INFOPLIST_FILE = asdasd/Info.plist;
				LD_RUNPATH_SEARCH_PATHS = "$(inherited) @executable_path/Frameworks";
				PRODUCT_BUNDLE_IDENTIFIER = narikbi.asdasd;
				PRODUCT_NAME = "$(TARGET_NAME)";
			};
			name = Debug;
		};
		ED1B02301EE3EB5200815980 /* Release */ = {
			isa = XCBuildConfiguration;
			buildSettings = {
				ASSETCATALOG_COMPILER_APPICON_NAME = AppIcon;
				DEVELOPMENT_TEAM = VW56VJK748;
				INFOPLIST_FILE = asdasd/Info.plist;
				LD_RUNPATH_SEARCH_PATHS = "$(inherited) @executable_path/Frameworks";
				PRODUCT_BUNDLE_IDENTIFIER = narikbi.asdasd;
				PRODUCT_NAME = "$(TARGET_NAME)";
			};
			name = Release;
		};
/* End XCBuildConfiguration section */

/* Begin XCConfigurationList section */
		ED1B02121EE3EB5200815980 /* Build configuration list for PBXProject "asdasd" */ = {
			isa = XCConfigurationList;
			buildConfigurations = (
				ED1B022C1EE3EB5200815980 /* Debug */,
				ED1B022D1EE3EB5200815980 /* Release */,
			);
			defaultConfigurationIsVisible = 0;
			defaultConfigurationName = Release;
		};
		ED1B022E1EE3EB5200815980 /* Build configuration list for PBXNativeTarget "asdasd" */ = {
			isa = XCConfigurationList;
			buildConfigurations = (
				ED1B022F1EE3EB5200815980 /* Debug */,
				ED1B02301EE3EB5200815980 /* Release */,
			);
			defaultConfigurationIsVisible = 0;
		};
/* End XCConfigurationList section */
	};
	rootObject = ED1B020F1EE3EB5200815980 /* Project object */;
}
